
Microsoft Visual Studio Solution File, Format Version 12.00
# Visual Studio Version 17
VisualStudioVersion = 17.5.33424.131
MinimumVisualStudioVersion = 10.0.40219.1
Project("{FAE04EC0-301F-11D3-BF4B-00C04F79EFBC}") = "Hastane Otomasyon4", "Hastane Otomasyon4\Hastane Otomasyon4.csproj", "{8DE8F359-425C-4AE9-9BD7-72DF0917D063}"
EndProject
Global
	GlobalSection(SolutionConfigurationPlatforms) = preSolution
		Debug|Any CPU = Debug|Any CPU
		Release|Any CPU = Release|Any CPU
	EndGlobalSection
	GlobalSection(ProjectConfigurationPlatforms) = postSolution
		{8DE8F359-425C-4AE9-9BD7-72DF0917D063}.Debug|Any CPU.ActiveCfg = Debug|Any CPU
		{8DE8F359-425C-4AE9-9BD7-72DF0917D063}.Debug|Any CPU.Build.0 = Debug|Any CPU
		{8DE8F359-425C-4AE9-9BD7-72DF0917D063}.Release|Any CPU.ActiveCfg = Release|Any CPU
		{8DE8F359-425C-4AE9-9BD7-72DF0917D063}.Release|Any CPU.Build.0 = Release|Any CPU
	EndGlobalSection
	GlobalSection(SolutionProperties) = preSolution
		HideSolutionNode = FALSE
	EndGlobalSection
	GlobalSection(ExtensibilityGlobals) = postSolution
		SolutionGuid = {C8155E0A-4519-4E8D-A025-CC9B7C778BD3}
	EndGlobalSection
EndGlobal
